Microsoft Visual Studio Solution File, Format Version 9.00
# Visual Studio 2005
Project("{F184B08F-C81C-45F6-A57F-5ABD9991F28F}") = "CSFEService", "CSFEService.vbproj", "{8719F219-2F0A-42B5-AAB3-175AB95DCE51}"
EndProject
Global
	GlobalSection(SolutionConfigurationPlatforms) = preSolution
		Debug|Any CPU = Debug|Any CPU
		Release|Any CPU = Release|Any CPU
	EndGlobalSection
	GlobalSection(ProjectConfigurationPlatforms) = postSolution
		{8719F219-2F0A-42B5-AAB3-175AB95DCE51}.Debug|Any CPU.ActiveCfg = Debug|Any CPU
		{8719F219-2F0A-42B5-AAB3-175AB95DCE51}.Debug|Any CPU.Build.0 = Debug|Any CPU
		{8719F219-2F0A-42B5-AAB3-175AB95DCE51}.Release|Any CPU.ActiveCfg = Release|Any CPU
		{8719F219-2F0A-42B5-AAB3-175AB95DCE51}.Release|Any CPU.Build.0 = Release|Any CPU
	EndGlobalSection
	GlobalSection(SolutionProperties) = preSolution
		HideSolutionNode = FALSE
	EndGlobalSection
EndGlobal
